
Microsoft Visual Studio Solution File, Format Version 12.00
# Visual Studio 15
VisualStudioVersion = 15.0.27703.2042
MinimumVisualStudioVersion = 10.0.40219.1
Project("{FAE04EC0-301F-11D3-BF4B-00C04F79EFBC}") = "MVCWebApplication", "MVCWebApplication\MVCWebApplication.csproj", "{5BD65ADC-4E73-42A6-AD38-2A9533D969EE}"
EndProject
Global
	GlobalSection(SolutionConfigurationPlatforms) = preSolution
		Debug|Any CPU = Debug|Any CPU
		Release|Any CPU = Release|Any CPU
	EndGlobalSection
	GlobalSection(ProjectConfigurationPlatforms) = postSolution
		{5BD65ADC-4E73-42A6-AD38-2A9533D969EE}.Debug|Any CPU.ActiveCfg = Debug|Any CPU
		{5BD65ADC-4E73-42A6-AD38-2A9533D969EE}.Debug|Any CPU.Build.0 = Debug|Any CPU
		{5BD65ADC-4E73-42A6-AD38-2A9533D969EE}.Release|Any CPU.ActiveCfg = Release|Any CPU
		{5BD65ADC-4E73-42A6-AD38-2A9533D969EE}.Release|Any CPU.Build.0 = Release|Any CPU
	EndGlobalSection
	GlobalSection(SolutionProperties) = preSolution
		HideSolutionNode = FALSE
	EndGlobalSection
	GlobalSection(ExtensibilityGlobals) = postSolution
		SolutionGuid = {8AD0F20B-88BF-4181-9440-C6158714E03B}
	EndGlobalSection
EndGlobal
